
Microsoft Visual Studio Solution File, Format Version 12.00
# Visual Studio Version 17
VisualStudioVersion = 17.13.35818.85 d17.13
MinimumVisualStudioVersion = 10.0.40219.1
Project("{FAE04EC0-301F-11D3-BF4B-00C04F79EFBC}") = "tpmodul5_103022300005", "tpmodul5_103022300005\tpmodul5_103022300005.csproj", "{FC770E3A-CE4A-4137-AEBD-2DF2D8C0D742}"
EndProject
Global
	GlobalSection(SolutionConfigurationPlatforms) = preSolution
		Debug|Any CPU = Debug|Any CPU
		Release|Any CPU = Release|Any CPU
	EndGlobalSection
	GlobalSection(ProjectConfigurationPlatforms) = postSolution
		{FC770E3A-CE4A-4137-AEBD-2DF2D8C0D742}.Debug|Any CPU.ActiveCfg = Debug|Any CPU
		{FC770E3A-CE4A-4137-AEBD-2DF2D8C0D742}.Debug|Any CPU.Build.0 = Debug|Any CPU
		{FC770E3A-CE4A-4137-AEBD-2DF2D8C0D742}.Release|Any CPU.ActiveCfg = Release|Any CPU
		{FC770E3A-CE4A-4137-AEBD-2DF2D8C0D742}.Release|Any CPU.Build.0 = Release|Any CPU
	EndGlobalSection
	GlobalSection(SolutionProperties) = preSolution
		HideSolutionNode = FALSE
	EndGlobalSection
	GlobalSection(ExtensibilityGlobals) = postSolution
		SolutionGuid = {B95E769B-000E-4AC1-8339-9FED03816334}
	EndGlobalSection
EndGlobal
